{
  "name": "jsontocr",
  "version": "0.1.0",
  "lockfileVersion": 1,
  "requires": true,
  "dependencies": {
    "capitalize": {
      "version": "2.0.0",
      "resolved": "https://registry.npmjs.org/capitalize/-/capitalize-2.0.0.tgz",
      "integrity": "sha512-HwGrAbSn44Tm5Nz+m02oQHf+9y771rmb/cTbXFcoADy29LFRCj4PhWBT54qxfY2HJBWBplwx17Pd4ek6OFbr/Q=="
    }
  }
}
